// !$*UTF8*$!
{
	archiveVersion = 1;
	classes = {
	};
	objectVersion = 55;
	objects = {

/* Begin PBXBuildFile section */
		AA2B4A95278A388F00044A06 /* Assets.xcassets in Resources */ = {isa = PBXBuildFile; fileRef = AA2B4A94278A388F00044A06 /* Assets.xcassets */; };
		AA2B4A9B278A388F00044A06 /* messageSpinner MessagesExtension.appex in Embed App Extensions */ = {isa = PBXBuildFile; fileRef = AA2B4A9A278A388F00044A06 /* messageSpinner MessagesExtension.appex */; settings = {ATTRIBUTES = (RemoveHeadersOnCopy, ); }; };
		AA2B4AA0278A388F00044A06 /* Messages.framework in Frameworks */ = {isa = PBXBuildFile; fileRef = AA2B4A9F278A388F00044A06 /* Messages.framework */; };
		AA2B4AA3278A388F00044A06 /* MessagesViewController.swift in Sources */ = {isa = PBXBuildFile; fileRef = AA2B4AA2278A388F00044A06 /* MessagesViewController.swift */; };
		AA2B4AA6278A388F00044A06 /* MainInterface.storyboard in Resources */ = {isa = PBXBuildFile; fileRef = AA2B4AA4278A388F00044A06 /* MainInterface.storyboard */; };
		AA2B4AA8278A389100044A06 /* Assets.xcassets in Resources */ = {isa = PBXBuildFile; fileRef = AA2B4AA7278A389100044A06 /* Assets.xcassets */; };
/* End PBXBuildFile section */

/* Begin PBXContainerItemProxy section */
		AA2B4A9C278A388F00044A06 /* PBXContainerItemProxy */ = {
			isa = PBXContainerItemProxy;
			containerPortal = AA2B4A8B278A388C00044A06 /* Project object */;
			proxyType = 1;
			remoteGlobalIDString = AA2B4A99278A388F00044A06;
			remoteInfo = "messageSpinner MessagesExtension";
		};
/* End PBXContainerItemProxy section */

/* Begin PBXCopyFilesBuildPhase section */
		AA2B4AAF278A389100044A06 /* Embed App Extensions */ = {
			isa = PBXCopyFilesBuildPhase;
			buildActionMask = 2147483647;
			dstPath = "";
			dstSubfolderSpec = 13;
			files = (
				AA2B4A9B278A388F00044A06 /* messageSpinner MessagesExtension.appex in Embed App Extensions */,
			);
			name = "Embed App Extensions";
			runOnlyForDeploymentPostprocessing = 0;
		};
/* End PBXCopyFilesBuildPhase section */

/* Begin PBXFileReference section */
		AA2B4A91278A388C00044A06 /* messageSpinner.app */ = {isa = PBXFileReference; explicitFileType = wrapper.application; includeInIndex = 0; path = messageSpinner.app; sourceTree = BUILT_PRODUCTS_DIR; };
		AA2B4A94278A388F00044A06 /* Assets.xcassets */ = {isa = PBXFileReference; lastKnownFileType = folder.assetcatalog; path = Assets.xcassets; sourceTree = "<group>"; };
		AA2B4A9A278A388F00044A06 /* messageSpinner MessagesExtension.appex */ = {isa = PBXFileReference; explicitFileType = "wrapper.app-extension"; includeInIndex = 0; path = "messageSpinner MessagesExtension.appex"; sourceTree = BUILT_PRODUCTS_DIR; };
		AA2B4A9F278A388F00044A06 /* Messages.framework */ = {isa = PBXFileReference; lastKnownFileType = wrapper.framework; name = Messages.framework; path = System/Library/Frameworks/Messages.framework; sourceTree = SDKROOT; };
		AA2B4AA2278A388F00044A06 /* MessagesViewController.swift */ = {isa = PBXFileReference; lastKnownFileType = sourcecode.swift; path = MessagesViewController.swift; sourceTree = "<group>"; };
		AA2B4AA5278A388F00044A06 /* Base */ = {isa = PBXFileReference; lastKnownFileType = file.storyboard; name = Base; path = Base.lproj/MainInterface.storyboard; sourceTree = "<group>"; };
		AA2B4AA7278A389100044A06 /* Assets.xcassets */ = {isa = PBXFileReference; lastKnownFileType = folder.assetcatalog; path = Assets.xcassets; sourceTree = "<group>"; };
		AA2B4AA9278A389100044A06 /* Info.plist */ = {isa = PBXFileReference; lastKnownFileType = text.plist.xml; path = Info.plist; sourceTree = "<group>"; };
/* End PBXFileReference section */

/* Begin PBXFrameworksBuildPhase section */
		AA2B4A97278A388F00044A06 /* Frameworks */ = {
			isa = PBXFrameworksBuildPhase;
			buildActionMask = 2147483647;
			files = (
				AA2B4AA0278A388F00044A06 /* Messages.framework in Frameworks */,
			);
			runOnlyForDeploymentPostprocessing = 0;
		};
/* End PBXFrameworksBuildPhase section */

/* Begin PBXGroup section */
		AA2B4A8A278A388C00044A06 = {
			isa = PBXGroup;
			children = (
				AA2B4A93278A388C00044A06 /* messageSpinner */,
				AA2B4AA1278A388F00044A06 /* messageSpinner MessagesExtension */,
				AA2B4A9E278A388F00044A06 /* Frameworks */,
				AA2B4A92278A388C00044A06 /* Products */,
			);
			sourceTree = "<group>";
		};
		AA2B4A92278A388C00044A06 /* Products */ = {
			isa = PBXGroup;
			children = (
				AA2B4A91278A388C00044A06 /* messageSpinner.app */,
				AA2B4A9A278A388F00044A06 /* messageSpinner MessagesExtension.appex */,
			);
			name = Products;
			sourceTree = "<group>";
		};
		AA2B4A93278A388C00044A06 /* messageSpinner */ = {
			isa = PBXGroup;
			children = (
				AA2B4A94278A388F00044A06 /* Assets.xcassets */,
			);
			path = messageSpinner;
			sourceTree = "<group>";
		};
		AA2B4A9E278A388F00044A06 /* Frameworks */ = {
			isa = PBXGroup;
			children = (
				AA2B4A9F278A388F00044A06 /* Messages.framework */,
			);
			name = Frameworks;
			sourceTree = "<group>";
		};
		AA2B4AA1278A388F00044A06 /* messageSpinner MessagesExtension */ = {
			isa = PBXGroup;
			children = (
				AA2B4AA2278A388F00044A06 /* MessagesViewController.swift */,
				AA2B4AA4278A388F00044A06 /* MainInterface.storyboard */,
				AA2B4AA7278A389100044A06 /* Assets.xcassets */,
				AA2B4AA9278A389100044A06 /* Info.plist */,
			);
			path = "messageSpinner MessagesExtension";
			sourceTree = "<group>";
		};
/* End PBXGroup section */

/* Begin PBXNativeTarget section */
		AA2B4A90278A388C00044A06 /* messageSpinner */ = {
			isa = PBXNativeTarget;
			buildConfigurationList = AA2B4AB0278A389100044A06 /* Build configuration list for PBXNativeTarget "messageSpinner" */;
			buildPhases = (
				AA2B4A8F278A388C00044A06 /* Resources */,
				AA2B4AAF278A389100044A06 /* Embed App Extensions */,
			);
			buildRules = (
			);
			dependencies = (
				AA2B4A9D278A388F00044A06 /* PBXTargetDependency */,
			);
			name = messageSpinner;
			productName = messageSpinner;
			productReference = AA2B4A91278A388C00044A06 /* messageSpinner.app */;
			productType = "com.apple.product-type.application.messages";
		};
		AA2B4A99278A388F00044A06 /* messageSpinner MessagesExtension */ = {
			isa = PBXNativeTarget;
			buildConfigurationList = AA2B4AAC278A389100044A06 /* Build configuration list for PBXNativeTarget "messageSpinner MessagesExtension" */;
			buildPhases = (
				AA2B4A96278A388F00044A06 /* Sources */,
				AA2B4A97278A388F00044A06 /* Frameworks */,
				AA2B4A98278A388F00044A06 /* Resources */,
			);
			buildRules = (
			);
			dependencies = (
			);
			name = "messageSpinner MessagesExtension";
			productName = "messageSpinner MessagesExtension";
			productReference = AA2B4A9A278A388F00044A06 /* messageSpinner MessagesExtension.appex */;
			productType = "com.apple.product-type.app-extension.messages";
		};
/* End PBXNativeTarget section */

/* Begin PBXProject section */
		AA2B4A8B278A388C00044A06 /* Project object */ = {
			isa = PBXProject;
			attributes = {
				BuildIndependentTargetsInParallel = 1;
				LastSwiftUpdateCheck = 1310;
				LastUpgradeCheck = 1310;
				TargetAttributes = {
					AA2B4A90278A388C00044A06 = {
						CreatedOnToolsVersion = 13.1;
					};
					AA2B4A99278A388F00044A06 = {
						CreatedOnToolsVersion = 13.1;
					};
				};
			};
			buildConfigurationList = AA2B4A8E278A388C00044A06 /* Build configuration list for PBXProject "messageSpinner" */;
			compatibilityVersion = "Xcode 13.0";
			developmentRegion = en;
			hasScannedForEncodings = 0;
			knownRegions = (
				en,
				Base,
			);
			mainGroup = AA2B4A8A278A388C00044A06;
			productRefGroup = AA2B4A92278A388C00044A06 /* Products */;
			projectDirPath = "";
			projectRoot = "";
			targets = (
				AA2B4A90278A388C00044A06 /* messageSpinner */,
				AA2B4A99278A388F00044A06 /* messageSpinner MessagesExtension */,
			);
		};
/* End PBXProject section */

/* Begin PBXResourcesBuildPhase section */
		AA2B4A8F278A388C00044A06 /* Resources */ = {
			isa = PBXResourcesBuildPhase;
			buildActionMask = 2147483647;
			files = (
				AA2B4A95278A388F00044A06 /* Assets.xcassets in Resources */,
			);
			runOnlyForDeploymentPostprocessing = 0;
		};
		AA2B4A98278A388F00044A06 /* Resources */ = {
			isa = PBXResourcesBuildPhase;
			buildActionMask = 2147483647;
			files = (
				AA2B4AA8278A389100044A06 /* Assets.xcassets in Resources */,
				AA2B4AA6278A388F00044A06 /* MainInterface.storyboard in Resources */,
			);
			runOnlyForDeploymentPostprocessing = 0;
		};
/* End PBXResourcesBuildPhase section */

/* Begin PBXSourcesBuildPhase section */
		AA2B4A96278A388F00044A06 /* Sources */ = {
			isa = PBXSourcesBuildPhase;
			buildActionMask = 2147483647;
			files = (
				AA2B4AA3278A388F00044A06 /* MessagesViewController.swift in Sources */,
			);
			runOnlyForDeploymentPostprocessing = 0;
		};
/* End PBXSourcesBuildPhase section */

/* Begin PBXTargetDependency section */
		AA2B4A9D278A388F00044A06 /* PBXTargetDependency */ = {
			isa = PBXTargetDependency;
			target = AA2B4A99278A388F00044A06 /* messageSpinner MessagesExtension */;
			targetProxy = AA2B4A9C278A388F00044A06 /* PBXContainerItemProxy */;
		};
/* End PBXTargetDependency section */

/* Begin PBXVariantGroup section */
		AA2B4AA4278A388F00044A06 /* MainInterface.storyboard */ = {
			isa = PBXVariantGroup;
			children = (
				AA2B4AA5278A388F00044A06 /* Base */,
			);
			name = MainInterface.storyboard;
			sourceTree = "<group>";
		};
/* End PBXVariantGroup section */

/* Begin XCBuildConfiguration section */
		AA2B4AAA278A389100044A06 /* Debug */ = {
			isa = XCBuildConfiguration;
			buildSettings = {
				ALWAYS_SEARCH_USER_PATHS = NO;
				CLANG_ANALYZER_NONNULL = YES;
				CLANG_ANALYZER_NUMBER_OBJECT_CONVERSION = YES_AGGRESSIVE;
				CLANG_CXX_LANGUAGE_STANDARD = "gnu++17";
				CLANG_CXX_LIBRARY = "libc++";
				CLANG_ENABLE_MODULES = YES;
				CLANG_ENABLE_OBJC_ARC = YES;
				CLANG_ENABLE_OBJC_WEAK = YES;
				CLANG_WARN_BLOCK_CAPTURE_AUTORELEASING = YES;
				CLANG_WARN_BOOL_CONVERSION = YES;
				CLANG_WARN_COMMA = YES;
				CLANG_WARN_CONSTANT_CONVERSION = YES;
				CLANG_WARN_DEPRECATED_OBJC_IMPLEMENTATIONS = YES;
				CLANG_WARN_DIRECT_OBJC_ISA_USAGE = YES_ERROR;
				CLANG_WARN_DOCUMENTATION_COMMENTS = YES;
				CLANG_WARN_EMPTY_BODY = YES;
				CLANG_WARN_ENUM_CONVERSION = YES;
				CLANG_WARN_INFINITE_RECURSION = YES;
				CLANG_WARN_INT_CONVERSION = YES;
				CLANG_WARN_NON_LITERAL_NULL_CONVERSION = YES;
				CLANG_WARN_OBJC_IMPLICIT_RETAIN_SELF = YES;
				CLANG_WARN_OBJC_LITERAL_CONVERSION = YES;
				CLANG_WARN_OBJC_ROOT_CLASS = YES_ERROR;
				CLANG_WARN_QUOTED_INCLUDE_IN_FRAMEWORK_HEADER = YES;
				CLANG_WARN_RANGE_LOOP_ANALYSIS = YES;
				CLANG_WARN_STRICT_PROTOTYPES = YES;
				CLANG_WARN_SUSPICIOUS_MOVE = YES;
				CLANG_WARN_UNGUARDED_AVAILABILITY = YES_AGGRESSIVE;
				CLANG_WARN_UNREACHABLE_CODE = YES;
				CLANG_WARN__DUPLICATE_METHOD_MATCH = YES;
				COPY_PHASE_STRIP = NO;
				DEBUG_INFORMATION_FORMAT = dwarf;
				ENABLE_STRICT_OBJC_MSGSEND = YES;
				ENABLE_TESTABILITY = YES;
				GCC_C_LANGUAGE_STANDARD = gnu11;
				GCC_DYNAMIC_NO_PIC = NO;
				GCC_NO_COMMON_BLOCKS = YES;
				GCC_OPTIMIZATION_LEVEL = 0;
				GCC_PREPROCESSOR_DEFINITIONS = (
					"DEBUG=1",
					"$(inherited)",
				);
				GCC_WARN_64_TO_32_BIT_CONVERSION = YES;
				GCC_WARN_ABOUT_RETURN_TYPE = YES_ERROR;
				GCC_WARN_UNDECLARED_SELECTOR = YES;
				GCC_WARN_UNINITIALIZED_AUTOS = YES_AGGRESSIVE;
				GCC_WARN_UNUSED_FUNCTION = YES;
				GCC_WARN_UNUSED_VARIABLE = YES;
				IPHONEOS_DEPLOYMENT_TARGET = 15.0;
				MTL_ENABLE_DEBUG_INFO = INCLUDE_SOURCE;
				MTL_FAST_MATH = YES;
				ONLY_ACTIVE_ARCH = YES;
				SDKROOT = iphoneos;
				SWIFT_ACTIVE_COMPILATION_CONDITIONS = DEBUG;
				SWIFT_OPTIMIZATION_LEVEL = "-Onone";
			};
			name = Debug;
		};
		AA2B4AAB278A389100044A06 /* Release */ = {
			isa = XCBuildConfiguration;
			buildSettings = {
				ALWAYS_SEARCH_USER_PATHS = NO;
				CLANG_ANALYZER_NONNULL = YES;
				CLANG_ANALYZER_NUMBER_OBJECT_CONVERSION = YES_AGGRESSIVE;
				CLANG_CXX_LANGUAGE_STANDARD = "gnu++17";
				CLANG_CXX_LIBRARY = "libc++";
				CLANG_ENABLE_MODULES = YES;
				CLANG_ENABLE_OBJC_ARC = YES;
				CLANG_ENABLE_OBJC_WEAK = YES;
				CLANG_WARN_BLOCK_CAPTURE_AUTORELEASING = YES;
				CLANG_WARN_BOOL_CONVERSION = YES;
				CLANG_WARN_COMMA = YES;
				CLANG_WARN_CONSTANT_CONVERSION = YES;
				CLANG_WARN_DEPRECATED_OBJC_IMPLEMENTATIONS = YES;
				CLANG_WARN_DIRECT_OBJC_ISA_USAGE = YES_ERROR;
				CLANG_WARN_DOCUMENTATION_COMMENTS = YES;
				CLANG_WARN_EMPTY_BODY = YES;
				CLANG_WARN_ENUM_CONVERSION = YES;
				CLANG_WARN_INFINITE_RECURSION = YES;
				CLANG_WARN_INT_CONVERSION = YES;
				CLANG_WARN_NON_LITERAL_NULL_CONVERSION = YES;
				CLANG_WARN_OBJC_IMPLICIT_RETAIN_SELF = YES;
				CLANG_WARN_OBJC_LITERAL_CONVERSION = YES;
				CLANG_WARN_OBJC_ROOT_CLASS = YES_ERROR;
				CLANG_WARN_QUOTED_INCLUDE_IN_FRAMEWORK_HEADER = YES;
				CLANG_WARN_RANGE_LOOP_ANALYSIS = YES;
				CLANG_WARN_STRICT_PROTOTYPES = YES;
				CLANG_WARN_SUSPICIOUS_MOVE = YES;
				CLANG_WARN_UNGUARDED_AVAILABILITY = YES_AGGRESSIVE;
				CLANG_WARN_UNREACHABLE_CODE = YES;
				CLANG_WARN__DUPLICATE_METHOD_MATCH = YES;
				COPY_PHASE_STRIP = NO;
				DEBUG_INFORMATION_FORMAT = "dwarf-with-dsym";
				ENABLE_NS_ASSERTIONS = NO;
				ENABLE_STRICT_OBJC_MSGSEND = YES;
				GCC_C_LANGUAGE_STANDARD = gnu11;
				GCC_NO_COMMON_BLOCKS = YES;
				GCC_WARN_64_TO_32_BIT_CONVERSION = YES;
				GCC_WARN_ABOUT_RETURN_TYPE = YES_ERROR;
				GCC_WARN_UNDECLARED_SELECTOR = YES;
				GCC_WARN_UNINITIALIZED_AUTOS = YES_AGGRESSIVE;
				GCC_WARN_UNUSED_FUNCTION = YES;
				GCC_WARN_UNUSED_VARIABLE = YES;
				IPHONEOS_DEPLOYMENT_TARGET = 15.0;
				MTL_ENABLE_DEBUG_INFO = NO;
				MTL_FAST_MATH = YES;
				SDKROOT = iphoneos;
				SWIFT_COMPILATION_MODE = wholemodule;
				SWIFT_OPTIMIZATION_LEVEL = "-O";
				VALIDATE_PRODUCT = YES;
			};
			name = Release;
		};
		AA2B4AAD278A389100044A06 /* Debug */ = {
			isa = XCBuildConfiguration;
			buildSettings = {
				ASSETCATALOG_COMPILER_APPICON_NAME = "iMessage App Icon";
				CODE_SIGN_STYLE = Automatic;
				CURRENT_PROJECT_VERSION = 1;
				DEVELOPMENT_TEAM = W6R942KNA9;
				GENERATE_INFOPLIST_FILE = YES;
				INFOPLIST_FILE = "messageSpinner MessagesExtension/Info.plist";
				INFOPLIST_KEY_CFBundleDisplayName = messageSpinner;
				INFOPLIST_KEY_NSHumanReadableCopyright = "";
				LD_RUNPATH_SEARCH_PATHS = (
					"$(inherited)",
					"@executable_path/Frameworks",
					"@executable_path/../../Frameworks",
				);
				MARKETING_VERSION = 1.0;
				PRODUCT_BUNDLE_IDENTIFIER = lankaProductions.messageSpinner.MessagesExtension;
				PRODUCT_NAME = "$(TARGET_NAME)";
				SKIP_INSTALL = YES;
				SWIFT_EMIT_LOC_STRINGS = YES;
				SWIFT_VERSION = 5.0;
				TARGETED_DEVICE_FAMILY = "1,2";
			};
			name = Debug;
		};
		AA2B4AAE278A389100044A06 /* Release */ = {
			isa = XCBuildConfiguration;
			buildSettings = {
				ASSETCATALOG_COMPILER_APPICON_NAME = "iMessage App Icon";
				CODE_SIGN_STYLE = Automatic;
				CURRENT_PROJECT_VERSION = 1;
				DEVELOPMENT_TEAM = W6R942KNA9;
				GENERATE_INFOPLIST_FILE = YES;
				INFOPLIST_FILE = "messageSpinner MessagesExtension/Info.plist";
				INFOPLIST_KEY_CFBundleDisplayName = messageSpinner;
				INFOPLIST_KEY_NSHumanReadableCopyright = "";
				LD_RUNPATH_SEARCH_PATHS = (
					"$(inherited)",
					"@executable_path/Frameworks",
					"@executable_path/../../Frameworks",
				);
				MARKETING_VERSION = 1.0;
				PRODUCT_BUNDLE_IDENTIFIER = lankaProductions.messageSpinner.MessagesExtension;
				PRODUCT_NAME = "$(TARGET_NAME)";
				SKIP_INSTALL = YES;
				SWIFT_EMIT_LOC_STRINGS = YES;
				SWIFT_VERSION = 5.0;
				TARGETED_DEVICE_FAMILY = "1,2";
			};
			name = Release;
		};
		AA2B4AB1278A389100044A06 /* Debug */ = {
			isa = XCBuildConfiguration;
			buildSettings = {
				ALWAYS_EMBED_SWIFT_STANDARD_LIBRARIES = YES;
				ASSETCATALOG_COMPILER_APPICON_NAME = AppIcon;
				CODE_SIGN_STYLE = Automatic;
				CURRENT_PROJECT_VERSION = 1;
				DEVELOPMENT_TEAM = W6R942KNA9;
				GENERATE_INFOPLIST_FILE = YES;
				INFOPLIST_KEY_UILaunchStoryboardName = LaunchScreen;
				INFOPLIST_KEY_UISupportedInterfaceOrientations_iPad = "UIInterfaceOrientationPortrait UIInterfaceOrientationPortraitUpsideDown UIInterfaceOrientationLandscapeLeft UIInterfaceOrientationLandscapeRight";
				INFOPLIST_KEY_UISupportedInterfaceOrientations_iPhone = "UIInterfaceOrientationPortrait UIInterfaceOrientationLandscapeLeft UIInterfaceOrientationLandscapeRight";
				MARKETING_VERSION = 1.0;
				PRODUCT_BUNDLE_IDENTIFIER = lankaProductions.messageSpinner;
				PRODUCT_NAME = "$(TARGET_NAME)";
				SWIFT_EMIT_LOC_STRINGS = YES;
				SWIFT_VERSION = 5.0;
				TARGETED_DEVICE_FAMILY = "1,2";
			};
			name = Debug;
		};
		AA2B4AB2278A389100044A06 /* Release */ = {
			isa = XCBuildConfiguration;
			buildSettings = {
				ALWAYS_EMBED_SWIFT_STANDARD_LIBRARIES = YES;
				ASSETCATALOG_COMPILER_APPICON_NAME = AppIcon;
				CODE_SIGN_STYLE = Automatic;
				CURRENT_PROJECT_VERSION = 1;
				DEVELOPMENT_TEAM = W6R942KNA9;
				GENERATE_INFOPLIST_FILE = YES;
				INFOPLIST_KEY_UILaunchStoryboardName = LaunchScreen;
				INFOPLIST_KEY_UISupportedInterfaceOrientations_iPad = "UIInterfaceOrientationPortrait UIInterfaceOrientationPortraitUpsideDown UIInterfaceOrientationLandscapeLeft UIInterfaceOrientationLandscapeRight";
				INFOPLIST_KEY_UISupportedInterfaceOrientations_iPhone = "UIInterfaceOrientationPortrait UIInterfaceOrientationLandscapeLeft UIInterfaceOrientationLandscapeRight";
				MARKETING_VERSION = 1.0;
				PRODUCT_BUNDLE_IDENTIFIER = lankaProductions.messageSpinner;
				PRODUCT_NAME = "$(TARGET_NAME)";
				SWIFT_EMIT_LOC_STRINGS = YES;
				SWIFT_VERSION = 5.0;
				TARGETED_DEVICE_FAMILY = "1,2";
			};
			name = Release;
		};
/* End XCBuildConfiguration section */

/* Begin XCConfigurationList section */
		AA2B4A8E278A388C00044A06 /* Build configuration list for PBXProject "messageSpinner" */ = {
			isa = XCConfigurationList;
			buildConfigurations = (
				AA2B4AAA278A389100044A06 /* Debug */,
				AA2B4AAB278A389100044A06 /* Release */,
			);
			defaultConfigurationIsVisible = 0;
			defaultConfigurationName = Release;
		};
		AA2B4AAC278A389100044A06 /* Build configuration list for PBXNativeTarget "messageSpinner MessagesExtension" */ = {
			isa = XCConfigurationList;
			buildConfigurations = (
				AA2B4AAD278A389100044A06 /* Debug */,
				AA2B4AAE278A389100044A06 /* Release */,
			);
			defaultConfigurationIsVisible = 0;
			defaultConfigurationName = Release;
		};
		AA2B4AB0278A389100044A06 /* Build configuration list for PBXNativeTarget "messageSpinner" */ = {
			isa = XCConfigurationList;
			buildConfigurations = (
				AA2B4AB1278A389100044A06 /* Debug */,
				AA2B4AB2278A389100044A06 /* Release */,
			);
			defaultConfigurationIsVisible = 0;
			defaultConfigurationName = Release;
		};
/* End XCConfigurationList section */
	};
	rootObject = AA2B4A8B278A388C00044A06 /* Project object */;
}
